# THIS IS AN AUTOGENERATED FILE. DO NOT EDIT THIS FILE DIRECTLY.
# yarn lockfile v1


purescript-psa@^0.7.3:
  version "0.7.3"
  resolved "https://registry.yarnpkg.com/purescript-psa/-/purescript-psa-0.7.3.tgz#0e1ff29cbd6a0fe2429717e7147d0c1cbd4760a9"
  integrity sha512-qcnhruybTHVunhJqAuurOEWnz1BOOc/7mpcnyH5yxm5caYCejxq8GOE4ZNWbiPMeTlcG79qUPIOz7gx5OVmk2Q==
